
Microsoft Visual Studio Solution File, Format Version 12.00
# Visual Studio 15
VisualStudioVersion = 15.0.28307.106
MinimumVisualStudioVersion = 10.0.40219.1
Project("{8BC9CEB8-8B4A-11D0-8D11-00A0C91BC942}") = "Calculadora", "Calculadora\Calculadora.vcxproj", "{F214949F-3216-4AAA-91E7-AB6A1796D0D8}"
EndProject
Global
	GlobalSection(SolutionConfigurationPlatforms) = preSolution
		Debug|x64 = Debug|x64
		Debug|x86 = Debug|x86
		Release|x64 = Release|x64
		Release|x86 = Release|x86
	EndGlobalSection
	GlobalSection(ProjectConfigurationPlatforms) = postSolution
		{F214949F-3216-4AAA-91E7-AB6A1796D0D8}.Debug|x64.ActiveCfg = Debug|x64
		{F214949F-3216-4AAA-91E7-AB6A1796D0D8}.Debug|x64.Build.0 = Debug|x64
		{F214949F-3216-4AAA-91E7-AB6A1796D0D8}.Debug|x86.ActiveCfg = Debug|Win32
		{F214949F-3216-4AAA-91E7-AB6A1796D0D8}.Debug|x86.Build.0 = Debug|Win32
		{F214949F-3216-4AAA-91E7-AB6A1796D0D8}.Release|x64.ActiveCfg = Release|x64
		{F214949F-3216-4AAA-91E7-AB6A1796D0D8}.Release|x64.Build.0 = Release|x64
		{F214949F-3216-4AAA-91E7-AB6A1796D0D8}.Release|x86.ActiveCfg = Release|Win32
		{F214949F-3216-4AAA-91E7-AB6A1796D0D8}.Release|x86.Build.0 = Release|Win32
	EndGlobalSection
	GlobalSection(SolutionProperties) = preSolution
		HideSolutionNode = FALSE
	EndGlobalSection
	GlobalSection(ExtensibilityGlobals) = postSolution
		SolutionGuid = {25388473-37D0-4421-A6AD-B93C785AFBA3}
	EndGlobalSection
EndGlobal
