
Microsoft Visual Studio Solution File, Format Version 12.00
# Visual Studio 15
VisualStudioVersion = 15.0.28307.106
MinimumVisualStudioVersion = 10.0.40219.1
Project("{8BC9CEB8-8B4A-11D0-8D11-00A0C91BC942}") = "Monos", "Monos\Monos.vcxproj", "{09EAD290-06ED-4148-A240-6A1EF0AB0197}"
EndProject
Global
	GlobalSection(SolutionConfigurationPlatforms) = preSolution
		Debug|x64 = Debug|x64
		Debug|x86 = Debug|x86
		Release|x64 = Release|x64
		Release|x86 = Release|x86
	EndGlobalSection
	GlobalSection(ProjectConfigurationPlatforms) = postSolution
		{09EAD290-06ED-4148-A240-6A1EF0AB0197}.Debug|x64.ActiveCfg = Debug|x64
		{09EAD290-06ED-4148-A240-6A1EF0AB0197}.Debug|x64.Build.0 = Debug|x64
		{09EAD290-06ED-4148-A240-6A1EF0AB0197}.Debug|x86.ActiveCfg = Debug|Win32
		{09EAD290-06ED-4148-A240-6A1EF0AB0197}.Debug|x86.Build.0 = Debug|Win32
		{09EAD290-06ED-4148-A240-6A1EF0AB0197}.Release|x64.ActiveCfg = Release|x64
		{09EAD290-06ED-4148-A240-6A1EF0AB0197}.Release|x64.Build.0 = Release|x64
		{09EAD290-06ED-4148-A240-6A1EF0AB0197}.Release|x86.ActiveCfg = Release|Win32
		{09EAD290-06ED-4148-A240-6A1EF0AB0197}.Release|x86.Build.0 = Release|Win32
	EndGlobalSection
	GlobalSection(SolutionProperties) = preSolution
		HideSolutionNode = FALSE
	EndGlobalSection
	GlobalSection(ExtensibilityGlobals) = postSolution
		SolutionGuid = {F891FC8B-15BB-49E9-BFED-02C6763B412A}
	EndGlobalSection
EndGlobal
