
Microsoft Visual Studio Solution File, Format Version 12.00
# Visual Studio 15
VisualStudioVersion = 15.0.28307.852
MinimumVisualStudioVersion = 10.0.40219.1
Project("{8BC9CEB8-8B4A-11D0-8D11-00A0C91BC942}") = "random", "random\random.vcxproj", "{E4AE2E98-CD3E-4416-97F0-8040108FDA1E}"
EndProject
Global
	GlobalSection(SolutionConfigurationPlatforms) = preSolution
		Debug|x64 = Debug|x64
		Debug|x86 = Debug|x86
		Release|x64 = Release|x64
		Release|x86 = Release|x86
	EndGlobalSection
	GlobalSection(ProjectConfigurationPlatforms) = postSolution
		{E4AE2E98-CD3E-4416-97F0-8040108FDA1E}.Debug|x64.ActiveCfg = Debug|x64
		{E4AE2E98-CD3E-4416-97F0-8040108FDA1E}.Debug|x64.Build.0 = Debug|x64
		{E4AE2E98-CD3E-4416-97F0-8040108FDA1E}.Debug|x86.ActiveCfg = Debug|Win32
		{E4AE2E98-CD3E-4416-97F0-8040108FDA1E}.Debug|x86.Build.0 = Debug|Win32
		{E4AE2E98-CD3E-4416-97F0-8040108FDA1E}.Release|x64.ActiveCfg = Release|x64
		{E4AE2E98-CD3E-4416-97F0-8040108FDA1E}.Release|x64.Build.0 = Release|x64
		{E4AE2E98-CD3E-4416-97F0-8040108FDA1E}.Release|x86.ActiveCfg = Release|Win32
		{E4AE2E98-CD3E-4416-97F0-8040108FDA1E}.Release|x86.Build.0 = Release|Win32
	EndGlobalSection
	GlobalSection(SolutionProperties) = preSolution
		HideSolutionNode = FALSE
	EndGlobalSection
	GlobalSection(ExtensibilityGlobals) = postSolution
		SolutionGuid = {52130C3F-6A25-4CFD-8855-A862B9A04ECA}
	EndGlobalSection
EndGlobal
