
Microsoft Visual Studio Solution File, Format Version 12.00
# Visual Studio 15
VisualStudioVersion = 15.0.28307.852
MinimumVisualStudioVersion = 10.0.40219.1
Project("{8BC9CEB8-8B4A-11D0-8D11-00A0C91BC942}") = "UVa 10043", "UVa 10043\UVa 10043.vcxproj", "{381F9A89-A105-4D7F-BDCA-C33C77345A5E}"
EndProject
Global
	GlobalSection(SolutionConfigurationPlatforms) = preSolution
		Debug|x64 = Debug|x64
		Debug|x86 = Debug|x86
		Release|x64 = Release|x64
		Release|x86 = Release|x86
	EndGlobalSection
	GlobalSection(ProjectConfigurationPlatforms) = postSolution
		{381F9A89-A105-4D7F-BDCA-C33C77345A5E}.Debug|x64.ActiveCfg = Debug|x64
		{381F9A89-A105-4D7F-BDCA-C33C77345A5E}.Debug|x64.Build.0 = Debug|x64
		{381F9A89-A105-4D7F-BDCA-C33C77345A5E}.Debug|x86.ActiveCfg = Debug|Win32
		{381F9A89-A105-4D7F-BDCA-C33C77345A5E}.Debug|x86.Build.0 = Debug|Win32
		{381F9A89-A105-4D7F-BDCA-C33C77345A5E}.Release|x64.ActiveCfg = Release|x64
		{381F9A89-A105-4D7F-BDCA-C33C77345A5E}.Release|x64.Build.0 = Release|x64
		{381F9A89-A105-4D7F-BDCA-C33C77345A5E}.Release|x86.ActiveCfg = Release|Win32
		{381F9A89-A105-4D7F-BDCA-C33C77345A5E}.Release|x86.Build.0 = Release|Win32
	EndGlobalSection
	GlobalSection(SolutionProperties) = preSolution
		HideSolutionNode = FALSE
	EndGlobalSection
	GlobalSection(ExtensibilityGlobals) = postSolution
		SolutionGuid = {CD394642-E8C7-43F2-8195-01D8225B3035}
	EndGlobalSection
EndGlobal
