
Microsoft Visual Studio Solution File, Format Version 12.00
# Visual Studio 15
VisualStudioVersion = 15.0.28307.106
MinimumVisualStudioVersion = 10.0.40219.1
Project("{8BC9CEB8-8B4A-11D0-8D11-00A0C91BC942}") = "ProductoFenwink", "ProductoFenwink\ProductoFenwink.vcxproj", "{172EAEA9-2DF6-4524-A5C5-7D028E5585C4}"
EndProject
Global
	GlobalSection(SolutionConfigurationPlatforms) = preSolution
		Debug|x64 = Debug|x64
		Debug|x86 = Debug|x86
		Release|x64 = Release|x64
		Release|x86 = Release|x86
	EndGlobalSection
	GlobalSection(ProjectConfigurationPlatforms) = postSolution
		{172EAEA9-2DF6-4524-A5C5-7D028E5585C4}.Debug|x64.ActiveCfg = Debug|x64
		{172EAEA9-2DF6-4524-A5C5-7D028E5585C4}.Debug|x64.Build.0 = Debug|x64
		{172EAEA9-2DF6-4524-A5C5-7D028E5585C4}.Debug|x86.ActiveCfg = Debug|Win32
		{172EAEA9-2DF6-4524-A5C5-7D028E5585C4}.Debug|x86.Build.0 = Debug|Win32
		{172EAEA9-2DF6-4524-A5C5-7D028E5585C4}.Release|x64.ActiveCfg = Release|x64
		{172EAEA9-2DF6-4524-A5C5-7D028E5585C4}.Release|x64.Build.0 = Release|x64
		{172EAEA9-2DF6-4524-A5C5-7D028E5585C4}.Release|x86.ActiveCfg = Release|Win32
		{172EAEA9-2DF6-4524-A5C5-7D028E5585C4}.Release|x86.Build.0 = Release|Win32
	EndGlobalSection
	GlobalSection(SolutionProperties) = preSolution
		HideSolutionNode = FALSE
	EndGlobalSection
	GlobalSection(ExtensibilityGlobals) = postSolution
		SolutionGuid = {632E0D16-35B8-48DB-99E3-0EDF1375E550}
	EndGlobalSection
EndGlobal
