
Microsoft Visual Studio Solution File, Format Version 12.00
# Visual Studio 15
VisualStudioVersion = 15.0.28307.106
MinimumVisualStudioVersion = 10.0.40219.1
Project("{8BC9CEB8-8B4A-11D0-8D11-00A0C91BC942}") = "3dec", "3dec\3dec.vcxproj", "{3CB94C41-F181-4F8D-8266-B569889F8362}"
EndProject
Global
	GlobalSection(SolutionConfigurationPlatforms) = preSolution
		Debug|x64 = Debug|x64
		Debug|x86 = Debug|x86
		Release|x64 = Release|x64
		Release|x86 = Release|x86
	EndGlobalSection
	GlobalSection(ProjectConfigurationPlatforms) = postSolution
		{3CB94C41-F181-4F8D-8266-B569889F8362}.Debug|x64.ActiveCfg = Debug|x64
		{3CB94C41-F181-4F8D-8266-B569889F8362}.Debug|x64.Build.0 = Debug|x64
		{3CB94C41-F181-4F8D-8266-B569889F8362}.Debug|x86.ActiveCfg = Debug|Win32
		{3CB94C41-F181-4F8D-8266-B569889F8362}.Debug|x86.Build.0 = Debug|Win32
		{3CB94C41-F181-4F8D-8266-B569889F8362}.Release|x64.ActiveCfg = Release|x64
		{3CB94C41-F181-4F8D-8266-B569889F8362}.Release|x64.Build.0 = Release|x64
		{3CB94C41-F181-4F8D-8266-B569889F8362}.Release|x86.ActiveCfg = Release|Win32
		{3CB94C41-F181-4F8D-8266-B569889F8362}.Release|x86.Build.0 = Release|Win32
	EndGlobalSection
	GlobalSection(SolutionProperties) = preSolution
		HideSolutionNode = FALSE
	EndGlobalSection
	GlobalSection(ExtensibilityGlobals) = postSolution
		SolutionGuid = {E51F55A6-4EA9-41CB-B536-D67A30E7FBC5}
	EndGlobalSection
EndGlobal
